
Microsoft Visual Studio Solution File, Format Version 12.00
# Visual Studio Version 16
VisualStudioVersion = 16.0.30709.132
MinimumVisualStudioVersion = 10.0.40219.1
Project("{8BC9CEB8-8B4A-11D0-8D11-00A0C91BC942}") = "Chinotto", "Chinotto\Chinotto.vcxproj", "{52F8A998-A119-426F-85AB-CA8ADB78A2CE}"
EndProject
Project("{8BC9CEB8-8B4A-11D0-8D11-00A0C91BC942}") = "zlib", "zlib\zlib.vcxproj", "{6BE38655-EF46-4098-98F8-5909F3341954}"
EndProject
Global
	GlobalSection(SolutionConfigurationPlatforms) = preSolution
		Debug|x64 = Debug|x64
		Debug|x86 = Debug|x86
		Release|x64 = Release|x64
		Release|x86 = Release|x86
	EndGlobalSection
	GlobalSection(ProjectConfigurationPlatforms) = postSolution
		{52F8A998-A119-426F-85AB-CA8ADB78A2CE}.Debug|x64.ActiveCfg = Debug|x64
		{52F8A998-A119-426F-85AB-CA8ADB78A2CE}.Debug|x64.Build.0 = Debug|x64
		{52F8A998-A119-426F-85AB-CA8ADB78A2CE}.Debug|x86.ActiveCfg = Debug|Win32
		{52F8A998-A119-426F-85AB-CA8ADB78A2CE}.Debug|x86.Build.0 = Debug|Win32
		{52F8A998-A119-426F-85AB-CA8ADB78A2CE}.Release|x64.ActiveCfg = Release|x64
		{52F8A998-A119-426F-85AB-CA8ADB78A2CE}.Release|x64.Build.0 = Release|x64
		{52F8A998-A119-426F-85AB-CA8ADB78A2CE}.Release|x86.ActiveCfg = Release|Win32
		{52F8A998-A119-426F-85AB-CA8ADB78A2CE}.Release|x86.Build.0 = Release|Win32
		{6BE38655-EF46-4098-98F8-5909F3341954}.Debug|x64.ActiveCfg = Debug|x64
		{6BE38655-EF46-4098-98F8-5909F3341954}.Debug|x64.Build.0 = Debug|x64
		{6BE38655-EF46-4098-98F8-5909F3341954}.Debug|x86.ActiveCfg = Debug|Win32
		{6BE38655-EF46-4098-98F8-5909F3341954}.Debug|x86.Build.0 = Debug|Win32
		{6BE38655-EF46-4098-98F8-5909F3341954}.Release|x64.ActiveCfg = Release|x64
		{6BE38655-EF46-4098-98F8-5909F3341954}.Release|x64.Build.0 = Release|x64
		{6BE38655-EF46-4098-98F8-5909F3341954}.Release|x86.ActiveCfg = Release|Win32
		{6BE38655-EF46-4098-98F8-5909F3341954}.Release|x86.Build.0 = Release|Win32
	EndGlobalSection
	GlobalSection(SolutionProperties) = preSolution
		HideSolutionNode = FALSE
	EndGlobalSection
	GlobalSection(ExtensibilityGlobals) = postSolution
		SolutionGuid = {EE1BDC86-87B3-4E36-A730-E0A1E8C16768}
	EndGlobalSection
EndGlobal
